<Solution>
  <Folder Name="/blocks/">
    <Project Path="../../../BuildingBlocks/BuildingBlocks.Application/BuildingBlocks.Application.csproj" />
    <Project Path="../../../BuildingBlocks/BuildingBlocks.Domain/BuildingBlocks.Domain.csproj" />
    <Project Path="../../../BuildingBlocks/BuildingBlocks.GrpcContracts/BuildingBlocks.GrpcContracts.csproj" />
    <Project Path="../../../BuildingBlocks/BuildingBlocks.Infrastructure/BuildingBlocks.Infrastructure.csproj" />
    <Project Path="../../../BuildingBlocks/BuildingBlocks.IntegrationEvents/BuildingBlocks.IntegrationEvents.csproj" />
    <Project Path="../../../BuildingBlocks/BuildingBlocks.Presentation/BuildingBlocks.Presentation.csproj" />
  </Folder>
  <Folder Name="/Solution Items/">
    <File Path="../../../.editorconfig" />
    <File Path="../../../Directory.Build.props" />
    <File Path="../../../Directory.Build.targets" />
    <File Path="../../../Directory.Packages.props" />
  </Folder>
  <Folder Name="/src/">
    <Project Path="../TelegramBot.Domain/TelegramBot.Domain.csproj" />
    <Project Path="../TelegramBotService,Application/TelegramBotService,Application.csproj" Id="db0c143c-229f-4d6d-9da9-98a781a5a737" />
    <Project Path="../TelegramBotService.Infrastructure/TelegramBotService.Infrastructure.csproj" Id="ab258393-4748-406d-a5fb-baccf01b74e5" />
    <Project Path="TelegramBotService.csproj" />
  </Folder>
  <Folder Name="/tests/">
    <Project Path="../TelegramBot.Application.UnitTests/TelegramBot.Application.UnitTests.csproj" />
  </Folder>
</Solution>
