<Solution>
  <Folder Name="/Solution Items/">
    <File Path=".editorconfig" />
  </Folder>
  <Project Path="../../../Contracts/Contracts/Contracts.csproj" />
  <Project Path="../Telemetry.Application/Telemetry.Application.csproj" />
  <Project Path="../Telemetry.Domain/Telemetry.Domain.csproj" />
  <Project Path="../Telemetry.Infrastructure/Telemetry.Infrastructure.csproj" />
  <Project Path="Telemetry.API.csproj" />
</Solution>
